// !$*UTF8*$!
{
	archiveVersion = 1;
	classes = {
	};
	objectVersion = 50;
	objects = {

/* Begin PBXBuildFile section */
		21AD29E426EA3F9E0024235D /* AppDelegate.swift in Sources */ = {isa = PBXBuildFile; fileRef = 21AD29E326EA3F9E0024235D /* AppDelegate.swift */; };
		21AD29E626EA3F9E0024235D /* SceneDelegate.swift in Sources */ = {isa = PBXBuildFile; fileRef = 21AD29E526EA3F9E0024235D /* SceneDelegate.swift */; };
		21AD29E826EA3F9E0024235D /* ViewController.swift in Sources */ = {isa = PBXBuildFile; fileRef = 21AD29E726EA3F9E0024235D /* ViewController.swift */; };
		21AD29EB26EA3F9E0024235D /* Main.storyboard in Resources */ = {isa = PBXBuildFile; fileRef = 21AD29E926EA3F9E0024235D /* Main.storyboard */; };
		21AD29ED26EA3FA20024235D /* Assets.xcassets in Resources */ = {isa = PBXBuildFile; fileRef = 21AD29EC26EA3FA20024235D /* Assets.xcassets */; };
		21AD29F026EA3FA20024235D /* LaunchScreen.storyboard in Resources */ = {isa = PBXBuildFile; fileRef = 21AD29EE26EA3FA20024235D /* LaunchScreen.storyboard */; };
		21AD29FB26EA3FA20024235D /* ChatTests.swift in Sources */ = {isa = PBXBuildFile; fileRef = 21AD29FA26EA3FA20024235D /* ChatTests.swift */; };
		21AD2A0626EA3FA20024235D /* ChatUITests.swift in Sources */ = {isa = PBXBuildFile; fileRef = 21AD2A0526EA3FA20024235D /* ChatUITests.swift */; };
		B18920BA26F9173B00BB11A4 /* CustomTextField.swift in Sources */ = {isa = PBXBuildFile; fileRef = B18920B826F9173B00BB11A4 /* CustomTextField.swift */; };
		B18920BB26F9173B00BB11A4 /* InputContainerView.swift in Sources */ = {isa = PBXBuildFile; fileRef = B18920B926F9173B00BB11A4 /* InputContainerView.swift */; };
		B18920C126F9177000BB11A4 /* RegistrationViewController.swift in Sources */ = {isa = PBXBuildFile; fileRef = B18920BF26F9177000BB11A4 /* RegistrationViewController.swift */; };
		B18920C226F9177000BB11A4 /* LoginViewController.swift in Sources */ = {isa = PBXBuildFile; fileRef = B18920C026F9177000BB11A4 /* LoginViewController.swift */; };
		B18920C426F9185300BB11A4 /* Extensions.swift in Sources */ = {isa = PBXBuildFile; fileRef = B18920C326F9185300BB11A4 /* Extensions.swift */; };
		B18920C626F927A800BB11A4 /* LoginViewModel.swift in Sources */ = {isa = PBXBuildFile; fileRef = B18920C526F927A800BB11A4 /* LoginViewModel.swift */; };
		B1C5413D26ED99FC0047D0BA /* ConversetionsViewController.swift in Sources */ = {isa = PBXBuildFile; fileRef = B1C5413C26ED99FC0047D0BA /* ConversetionsViewController.swift */; };
		B1CDF5F026FBB24B00FAB576 /* RegistrationViewModel.swift in Sources */ = {isa = PBXBuildFile; fileRef = B1CDF5EF26FBB24B00FAB576 /* RegistrationViewModel.swift */; };
		B239FCD8F4F90674639C41FE /* Pods_Chat.framework in Frameworks */ = {isa = PBXBuildFile; fileRef = 9F26AC962237091B6B7DE08B /* Pods_Chat.framework */; };
/* End PBXBuildFile section */

/* Begin PBXContainerItemProxy section */
		21AD29F726EA3FA20024235D /* PBXContainerItemProxy */ = {
			isa = PBXContainerItemProxy;
			containerPortal = 21AD29D826EA3F9E0024235D /* Project object */;
			proxyType = 1;
			remoteGlobalIDString = 21AD29DF26EA3F9E0024235D;
			remoteInfo = Chat;
		};
		21AD2A0226EA3FA20024235D /* PBXContainerItemProxy */ = {
			isa = PBXContainerItemProxy;
			containerPortal = 21AD29D826EA3F9E0024235D /* Project object */;
			proxyType = 1;
			remoteGlobalIDString = 21AD29DF26EA3F9E0024235D;
			remoteInfo = Chat;
		};
/* End PBXContainerItemProxy section */

/* Begin PBXFileReference section */
		21AD29E026EA3F9E0024235D /* Chat.app */ = {isa = PBXFileReference; explicitFileType = wrapper.application; includeInIndex = 0; path = Chat.app; sourceTree = BUILT_PRODUCTS_DIR; };
		21AD29E326EA3F9E0024235D /* AppDelegate.swift */ = {isa = PBXFileReference; lastKnownFileType = sourcecode.swift; path = AppDelegate.swift; sourceTree = "<group>"; };
		21AD29E526EA3F9E0024235D /* SceneDelegate.swift */ = {isa = PBXFileReference; lastKnownFileType = sourcecode.swift; path = SceneDelegate.swift; sourceTree = "<group>"; };
		21AD29E726EA3F9E0024235D /* ViewController.swift */ = {isa = PBXFileReference; lastKnownFileType = sourcecode.swift; path = ViewController.swift; sourceTree = "<group>"; };
		21AD29EA26EA3F9E0024235D /* Base */ = {isa = PBXFileReference; lastKnownFileType = file.storyboard; name = Base; path = Base.lproj/Main.storyboard; sourceTree = "<group>"; };
		21AD29EC26EA3FA20024235D /* Assets.xcassets */ = {isa = PBXFileReference; lastKnownFileType = folder.assetcatalog; path = Assets.xcassets; sourceTree = "<group>"; };
		21AD29EF26EA3FA20024235D /* Base */ = {isa = PBXFileReference; lastKnownFileType = file.storyboard; name = Base; path = Base.lproj/LaunchScreen.storyboard; sourceTree = "<group>"; };
		21AD29F126EA3FA20024235D /* Info.plist */ = {isa = PBXFileReference; lastKnownFileType = text.plist.xml; path = Info.plist; sourceTree = "<group>"; };
		21AD29F626EA3FA20024235D /* ChatTests.xctest */ = {isa = PBXFileReference; explicitFileType = wrapper.cfbundle; includeInIndex = 0; path = ChatTests.xctest; sourceTree = BUILT_PRODUCTS_DIR; };
		21AD29FA26EA3FA20024235D /* ChatTests.swift */ = {isa = PBXFileReference; lastKnownFileType = sourcecode.swift; path = ChatTests.swift; sourceTree = "<group>"; };
		21AD29FC26EA3FA20024235D /* Info.plist */ = {isa = PBXFileReference; lastKnownFileType = text.plist.xml; path = Info.plist; sourceTree = "<group>"; };
		21AD2A0126EA3FA20024235D /* ChatUITests.xctest */ = {isa = PBXFileReference; explicitFileType = wrapper.cfbundle; includeInIndex = 0; path = ChatUITests.xctest; sourceTree = BUILT_PRODUCTS_DIR; };
		21AD2A0526EA3FA20024235D /* ChatUITests.swift */ = {isa = PBXFileReference; lastKnownFileType = sourcecode.swift; path = ChatUITests.swift; sourceTree = "<group>"; };
		21AD2A0726EA3FA20024235D /* Info.plist */ = {isa = PBXFileReference; lastKnownFileType = text.plist.xml; path = Info.plist; sourceTree = "<group>"; };
		9F26AC962237091B6B7DE08B /* Pods_Chat.framework */ = {isa = PBXFileReference; explicitFileType = wrapper.framework; includeInIndex = 0; path = Pods_Chat.framework; sourceTree = BUILT_PRODUCTS_DIR; };
		AD89C6AE52ADE788AA713309 /* Pods-Chat.release.xcconfig */ = {isa = PBXFileReference; includeInIndex = 1; lastKnownFileType = text.xcconfig; name = "Pods-Chat.release.xcconfig"; path = "Target Support Files/Pods-Chat/Pods-Chat.release.xcconfig"; sourceTree = "<group>"; };
		B18920B826F9173B00BB11A4 /* CustomTextField.swift */ = {isa = PBXFileReference; fileEncoding = 4; lastKnownFileType = sourcecode.swift; path = CustomTextField.swift; sourceTree = "<group>"; };
		B18920B926F9173B00BB11A4 /* InputContainerView.swift */ = {isa = PBXFileReference; fileEncoding = 4; lastKnownFileType = sourcecode.swift; path = InputContainerView.swift; sourceTree = "<group>"; };
		B18920BF26F9177000BB11A4 /* RegistrationViewController.swift */ = {isa = PBXFileReference; fileEncoding = 4; lastKnownFileType = sourcecode.swift; name = RegistrationViewController.swift; path = Chat/Controller/Authentication/RegistrationViewController.swift; sourceTree = SOURCE_ROOT; };
		B18920C026F9177000BB11A4 /* LoginViewController.swift */ = {isa = PBXFileReference; fileEncoding = 4; lastKnownFileType = sourcecode.swift; name = LoginViewController.swift; path = Chat/Controller/Authentication/LoginViewController.swift; sourceTree = SOURCE_ROOT; };
		B18920C326F9185300BB11A4 /* Extensions.swift */ = {isa = PBXFileReference; fileEncoding = 4; lastKnownFileType = sourcecode.swift; path = Extensions.swift; sourceTree = "<group>"; };
		B18920C526F927A800BB11A4 /* LoginViewModel.swift */ = {isa = PBXFileReference; lastKnownFileType = sourcecode.swift; path = LoginViewModel.swift; sourceTree = "<group>"; };
		B1C5413C26ED99FC0047D0BA /* ConversetionsViewController.swift */ = {isa = PBXFileReference; lastKnownFileType = sourcecode.swift; path = ConversetionsViewController.swift; sourceTree = "<group>"; };
		B1CDF5EF26FBB24B00FAB576 /* RegistrationViewModel.swift */ = {isa = PBXFileReference; lastKnownFileType = sourcecode.swift; path = RegistrationViewModel.swift; sourceTree = "<group>"; };
		B578C76265AC4005D498C431 /* Pods-Chat.debug.xcconfig */ = {isa = PBXFileReference; includeInIndex = 1; lastKnownFileType = text.xcconfig; name = "Pods-Chat.debug.xcconfig"; path = "Target Support Files/Pods-Chat/Pods-Chat.debug.xcconfig"; sourceTree = "<group>"; };
/* End PBXFileReference section */

/* Begin PBXFrameworksBuildPhase section */
		21AD29DD26EA3F9E0024235D /* Frameworks */ = {
			isa = PBXFrameworksBuildPhase;
			buildActionMask = 2147483647;
			files = (
				B239FCD8F4F90674639C41FE /* Pods_Chat.framework in Frameworks */,
			);
			runOnlyForDeploymentPostprocessing = 0;
		};
		21AD29F326EA3FA20024235D /* Frameworks */ = {
			isa = PBXFrameworksBuildPhase;
			buildActionMask = 2147483647;
			files = (
			);
			runOnlyForDeploymentPostprocessing = 0;
		};
		21AD29FE26EA3FA20024235D /* Frameworks */ = {
			isa = PBXFrameworksBuildPhase;
			buildActionMask = 2147483647;
			files = (
			);
			runOnlyForDeploymentPostprocessing = 0;
		};
/* End PBXFrameworksBuildPhase section */

/* Begin PBXGroup section */
		21AD29D726EA3F9E0024235D = {
			isa = PBXGroup;
			children = (
				21AD29E226EA3F9E0024235D /* Chat */,
				21AD29F926EA3FA20024235D /* ChatTests */,
				21AD2A0426EA3FA20024235D /* ChatUITests */,
				21AD29E126EA3F9E0024235D /* Products */,
				99620C727A7D76F5C01E048B /* Pods */,
				6459F308702179F72EC2CEA4 /* Frameworks */,
			);
			sourceTree = "<group>";
		};
		21AD29E126EA3F9E0024235D /* Products */ = {
			isa = PBXGroup;
			children = (
				21AD29E026EA3F9E0024235D /* Chat.app */,
				21AD29F626EA3FA20024235D /* ChatTests.xctest */,
				21AD2A0126EA3FA20024235D /* ChatUITests.xctest */,
			);
			name = Products;
			sourceTree = "<group>";
		};
		21AD29E226EA3F9E0024235D /* Chat */ = {
			isa = PBXGroup;
			children = (
				B1C5413B26ECC58D0047D0BA /* Model */,
				B1C5413A26ECC5880047D0BA /* View */,
				B1C5413926ECC5850047D0BA /* ViewModel */,
				B1C5413826ECC5820047D0BA /* Controller */,
				B1C5413726ECC57E0047D0BA /* API */,
				B1C5413626ECC54B0047D0BA /* Utils */,
				21AD29E326EA3F9E0024235D /* AppDelegate.swift */,
				21AD29E526EA3F9E0024235D /* SceneDelegate.swift */,
				21AD29E726EA3F9E0024235D /* ViewController.swift */,
				21AD29E926EA3F9E0024235D /* Main.storyboard */,
				21AD29EC26EA3FA20024235D /* Assets.xcassets */,
				21AD29EE26EA3FA20024235D /* LaunchScreen.storyboard */,
				21AD29F126EA3FA20024235D /* Info.plist */,
			);
			path = Chat;
			sourceTree = "<group>";
		};
		21AD29F926EA3FA20024235D /* ChatTests */ = {
			isa = PBXGroup;
			children = (
				21AD29FA26EA3FA20024235D /* ChatTests.swift */,
				21AD29FC26EA3FA20024235D /* Info.plist */,
			);
			path = ChatTests;
			sourceTree = "<group>";
		};
		21AD2A0426EA3FA20024235D /* ChatUITests */ = {
			isa = PBXGroup;
			children = (
				21AD2A0526EA3FA20024235D /* ChatUITests.swift */,
				21AD2A0726EA3FA20024235D /* Info.plist */,
			);
			path = ChatUITests;
			sourceTree = "<group>";
		};
		6459F308702179F72EC2CEA4 /* Frameworks */ = {
			isa = PBXGroup;
			children = (
				9F26AC962237091B6B7DE08B /* Pods_Chat.framework */,
			);
			name = Frameworks;
			sourceTree = "<group>";
		};
		99620C727A7D76F5C01E048B /* Pods */ = {
			isa = PBXGroup;
			children = (
				B578C76265AC4005D498C431 /* Pods-Chat.debug.xcconfig */,
				AD89C6AE52ADE788AA713309 /* Pods-Chat.release.xcconfig */,
			);
			path = Pods;
			sourceTree = "<group>";
		};
		B18920BE26F9175D00BB11A4 /* Authentication */ = {
			isa = PBXGroup;
			children = (
				B18920C026F9177000BB11A4 /* LoginViewController.swift */,
				B18920BF26F9177000BB11A4 /* RegistrationViewController.swift */,
			);
			path = Authentication;
			sourceTree = "<group>";
		};
		B1C5413626ECC54B0047D0BA /* Utils */ = {
			isa = PBXGroup;
			children = (
				B18920C326F9185300BB11A4 /* Extensions.swift */,
			);
			path = Utils;
			sourceTree = "<group>";
		};
		B1C5413726ECC57E0047D0BA /* API */ = {
			isa = PBXGroup;
			children = (
			);
			path = API;
			sourceTree = "<group>";
		};
		B1C5413826ECC5820047D0BA /* Controller */ = {
			isa = PBXGroup;
			children = (
				B18920BE26F9175D00BB11A4 /* Authentication */,
				B1C5413C26ED99FC0047D0BA /* ConversetionsViewController.swift */,
			);
			path = Controller;
			sourceTree = "<group>";
		};
		B1C5413926ECC5850047D0BA /* ViewModel */ = {
			isa = PBXGroup;
			children = (
				B1CDF5EE26FBB20A00FAB576 /* Authentication */,
			);
			path = ViewModel;
			sourceTree = "<group>";
		};
		B1C5413A26ECC5880047D0BA /* View */ = {
			isa = PBXGroup;
			children = (
				B18920B826F9173B00BB11A4 /* CustomTextField.swift */,
				B18920B926F9173B00BB11A4 /* InputContainerView.swift */,
			);
			path = View;
			sourceTree = "<group>";
		};
		B1C5413B26ECC58D0047D0BA /* Model */ = {
			isa = PBXGroup;
			children = (
			);
			path = Model;
			sourceTree = "<group>";
		};
		B1CDF5EE26FBB20A00FAB576 /* Authentication */ = {
			isa = PBXGroup;
			children = (
				B18920C526F927A800BB11A4 /* LoginViewModel.swift */,
				B1CDF5EF26FBB24B00FAB576 /* RegistrationViewModel.swift */,
			);
			path = Authentication;
			sourceTree = "<group>";
		};
/* End PBXGroup section */

/* Begin PBXNativeTarget section */
		21AD29DF26EA3F9E0024235D /* Chat */ = {
			isa = PBXNativeTarget;
			buildConfigurationList = 21AD2A0A26EA3FA20024235D /* Build configuration list for PBXNativeTarget "Chat" */;
			buildPhases = (
				8A98858BDB8810A9AE0E2702 /* [CP] Check Pods Manifest.lock */,
				21AD29DC26EA3F9E0024235D /* Sources */,
				21AD29DD26EA3F9E0024235D /* Frameworks */,
				21AD29DE26EA3F9E0024235D /* Resources */,
			);
			buildRules = (
			);
			dependencies = (
			);
			name = Chat;
			productName = Chat;
			productReference = 21AD29E026EA3F9E0024235D /* Chat.app */;
			productType = "com.apple.product-type.application";
		};
		21AD29F526EA3FA20024235D /* ChatTests */ = {
			isa = PBXNativeTarget;
			buildConfigurationList = 21AD2A0D26EA3FA20024235D /* Build configuration list for PBXNativeTarget "ChatTests" */;
			buildPhases = (
				21AD29F226EA3FA20024235D /* Sources */,
				21AD29F326EA3FA20024235D /* Frameworks */,
				21AD29F426EA3FA20024235D /* Resources */,
			);
			buildRules = (
			);
			dependencies = (
				21AD29F826EA3FA20024235D /* PBXTargetDependency */,
			);
			name = ChatTests;
			productName = ChatTests;
			productReference = 21AD29F626EA3FA20024235D /* ChatTests.xctest */;
			productType = "com.apple.product-type.bundle.unit-test";
		};
		21AD2A0026EA3FA20024235D /* ChatUITests */ = {
			isa = PBXNativeTarget;
			buildConfigurationList = 21AD2A1026EA3FA20024235D /* Build configuration list for PBXNativeTarget "ChatUITests" */;
			buildPhases = (
				21AD29FD26EA3FA20024235D /* Sources */,
				21AD29FE26EA3FA20024235D /* Frameworks */,
				21AD29FF26EA3FA20024235D /* Resources */,
			);
			buildRules = (
			);
			dependencies = (
				21AD2A0326EA3FA20024235D /* PBXTargetDependency */,
			);
			name = ChatUITests;
			productName = ChatUITests;
			productReference = 21AD2A0126EA3FA20024235D /* ChatUITests.xctest */;
			productType = "com.apple.product-type.bundle.ui-testing";
		};
/* End PBXNativeTarget section */

/* Begin PBXProject section */
		21AD29D826EA3F9E0024235D /* Project object */ = {
			isa = PBXProject;
			attributes = {
				LastSwiftUpdateCheck = 1250;
				LastUpgradeCheck = 1250;
				TargetAttributes = {
					21AD29DF26EA3F9E0024235D = {
						CreatedOnToolsVersion = 12.5;
					};
					21AD29F526EA3FA20024235D = {
						CreatedOnToolsVersion = 12.5;
						TestTargetID = 21AD29DF26EA3F9E0024235D;
					};
					21AD2A0026EA3FA20024235D = {
						CreatedOnToolsVersion = 12.5;
						TestTargetID = 21AD29DF26EA3F9E0024235D;
					};
				};
			};
			buildConfigurationList = 21AD29DB26EA3F9E0024235D /* Build configuration list for PBXProject "Chat" */;
			compatibilityVersion = "Xcode 9.3";
			developmentRegion = en;
			hasScannedForEncodings = 0;
			knownRegions = (
				en,
				Base,
			);
			mainGroup = 21AD29D726EA3F9E0024235D;
			productRefGroup = 21AD29E126EA3F9E0024235D /* Products */;
			projectDirPath = "";
			projectRoot = "";
			targets = (
				21AD29DF26EA3F9E0024235D /* Chat */,
				21AD29F526EA3FA20024235D /* ChatTests */,
				21AD2A0026EA3FA20024235D /* ChatUITests */,
			);
		};
/* End PBXProject section */

/* Begin PBXResourcesBuildPhase section */
		21AD29DE26EA3F9E0024235D /* Resources */ = {
			isa = PBXResourcesBuildPhase;
			buildActionMask = 2147483647;
			files = (
				21AD29F026EA3FA20024235D /* LaunchScreen.storyboard in Resources */,
				21AD29ED26EA3FA20024235D /* Assets.xcassets in Resources */,
				21AD29EB26EA3F9E0024235D /* Main.storyboard in Resources */,
			);
			runOnlyForDeploymentPostprocessing = 0;
		};
		21AD29F426EA3FA20024235D /* Resources */ = {
			isa = PBXResourcesBuildPhase;
			buildActionMask = 2147483647;
			files = (
			);
			runOnlyForDeploymentPostprocessing = 0;
		};
		21AD29FF26EA3FA20024235D /* Resources */ = {
			isa = PBXResourcesBuildPhase;
			buildActionMask = 2147483647;
			files = (
			);
			runOnlyForDeploymentPostprocessing = 0;
		};
/* End PBXResourcesBuildPhase section */

/* Begin PBXShellScriptBuildPhase section */
		8A98858BDB8810A9AE0E2702 /* [CP] Check Pods Manifest.lock */ = {
			isa = PBXShellScriptBuildPhase;
			buildActionMask = 2147483647;
			files = (
			);
			inputFileListPaths = (
			);
			inputPaths = (
				"${PODS_PODFILE_DIR_PATH}/Podfile.lock",
				"${PODS_ROOT}/Manifest.lock",
			);
			name = "[CP] Check Pods Manifest.lock";
			outputFileListPaths = (
			);
			outputPaths = (
				"$(DERIVED_FILE_DIR)/Pods-Chat-checkManifestLockResult.txt",
			);
			runOnlyForDeploymentPostprocessing = 0;
			shellPath = /bin/sh;
			shellScript = "diff \"${PODS_PODFILE_DIR_PATH}/Podfile.lock\" \"${PODS_ROOT}/Manifest.lock\" > /dev/null\nif [ $? != 0 ] ; then\n    # print error to STDERR\n    echo \"error: The sandbox is not in sync with the Podfile.lock. Run 'pod install' or update your CocoaPods installation.\" >&2\n    exit 1\nfi\n# This output is used by Xcode 'outputs' to avoid re-running this script phase.\necho \"SUCCESS\" > \"${SCRIPT_OUTPUT_FILE_0}\"\n";
			showEnvVarsInLog = 0;
		};
/* End PBXShellScriptBuildPhase section */

/* Begin PBXSourcesBuildPhase section */
		21AD29DC26EA3F9E0024235D /* Sources */ = {
			isa = PBXSourcesBuildPhase;
			buildActionMask = 2147483647;
			files = (
				21AD29E826EA3F9E0024235D /* ViewController.swift in Sources */,
				B1CDF5F026FBB24B00FAB576 /* RegistrationViewModel.swift in Sources */,
				B18920C426F9185300BB11A4 /* Extensions.swift in Sources */,
				B18920BB26F9173B00BB11A4 /* InputContainerView.swift in Sources */,
				21AD29E426EA3F9E0024235D /* AppDelegate.swift in Sources */,
				21AD29E626EA3F9E0024235D /* SceneDelegate.swift in Sources */,
				B18920C226F9177000BB11A4 /* LoginViewController.swift in Sources */,
				B18920C126F9177000BB11A4 /* RegistrationViewController.swift in Sources */,
				B1C5413D26ED99FC0047D0BA /* ConversetionsViewController.swift in Sources */,
				B18920C626F927A800BB11A4 /* LoginViewModel.swift in Sources */,
				B18920BA26F9173B00BB11A4 /* CustomTextField.swift in Sources */,
			);
			runOnlyForDeploymentPostprocessing = 0;
		};
		21AD29F226EA3FA20024235D /* Sources */ = {
			isa = PBXSourcesBuildPhase;
			buildActionMask = 2147483647;
			files = (
				21AD29FB26EA3FA20024235D /* ChatTests.swift in Sources */,
			);
			runOnlyForDeploymentPostprocessing = 0;
		};
		21AD29FD26EA3FA20024235D /* Sources */ = {
			isa = PBXSourcesBuildPhase;
			buildActionMask = 2147483647;
			files = (
				21AD2A0626EA3FA20024235D /* ChatUITests.swift in Sources */,
			);
			runOnlyForDeploymentPostprocessing = 0;
		};
/* End PBXSourcesBuildPhase section */

/* Begin PBXTargetDependency section */
		21AD29F826EA3FA20024235D /* PBXTargetDependency */ = {
			isa = PBXTargetDependency;
			target = 21AD29DF26EA3F9E0024235D /* Chat */;
			targetProxy = 21AD29F726EA3FA20024235D /* PBXContainerItemProxy */;
		};
		21AD2A0326EA3FA20024235D /* PBXTargetDependency */ = {
			isa = PBXTargetDependency;
			target = 21AD29DF26EA3F9E0024235D /* Chat */;
			targetProxy = 21AD2A0226EA3FA20024235D /* PBXContainerItemProxy */;
		};
/* End PBXTargetDependency section */

/* Begin PBXVariantGroup section */
		21AD29E926EA3F9E0024235D /* Main.storyboard */ = {
			isa = PBXVariantGroup;
			children = (
				21AD29EA26EA3F9E0024235D /* Base */,
			);
			name = Main.storyboard;
			sourceTree = "<group>";
		};
		21AD29EE26EA3FA20024235D /* LaunchScreen.storyboard */ = {
			isa = PBXVariantGroup;
			children = (
				21AD29EF26EA3FA20024235D /* Base */,
			);
			name = LaunchScreen.storyboard;
			sourceTree = "<group>";
		};
/* End PBXVariantGroup section */

/* Begin XCBuildConfiguration section */
		21AD2A0826EA3FA20024235D /* Debug */ = {
			isa = XCBuildConfiguration;
			buildSettings = {
				ALWAYS_SEARCH_USER_PATHS = NO;
				CLANG_ANALYZER_NONNULL = YES;
				CLANG_ANALYZER_NUMBER_OBJECT_CONVERSION = YES_AGGRESSIVE;
				CLANG_CXX_LANGUAGE_STANDARD = "gnu++14";
				CLANG_CXX_LIBRARY = "libc++";
				CLANG_ENABLE_MODULES = YES;
				CLANG_ENABLE_OBJC_ARC = YES;
				CLANG_ENABLE_OBJC_WEAK = YES;
				CLANG_WARN_BLOCK_CAPTURE_AUTORELEASING = YES;
				CLANG_WARN_BOOL_CONVERSION = YES;
				CLANG_WARN_COMMA = YES;
				CLANG_WARN_CONSTANT_CONVERSION = YES;
				CLANG_WARN_DEPRECATED_OBJC_IMPLEMENTATIONS = YES;
				CLANG_WARN_DIRECT_OBJC_ISA_USAGE = YES_ERROR;
				CLANG_WARN_DOCUMENTATION_COMMENTS = YES;
				CLANG_WARN_EMPTY_BODY = YES;
				CLANG_WARN_ENUM_CONVERSION = YES;
				CLANG_WARN_INFINITE_RECURSION = YES;
				CLANG_WARN_INT_CONVERSION = YES;
				CLANG_WARN_NON_LITERAL_NULL_CONVERSION = YES;
				CLANG_WARN_OBJC_IMPLICIT_RETAIN_SELF = YES;
				CLANG_WARN_OBJC_LITERAL_CONVERSION = YES;
				CLANG_WARN_OBJC_ROOT_CLASS = YES_ERROR;
				CLANG_WARN_QUOTED_INCLUDE_IN_FRAMEWORK_HEADER = YES;
				CLANG_WARN_RANGE_LOOP_ANALYSIS = YES;
				CLANG_WARN_STRICT_PROTOTYPES = YES;
				CLANG_WARN_SUSPICIOUS_MOVE = YES;
				CLANG_WARN_UNGUARDED_AVAILABILITY = YES_AGGRESSIVE;
				CLANG_WARN_UNREACHABLE_CODE = YES;
				CLANG_WARN__DUPLICATE_METHOD_MATCH = YES;
				COPY_PHASE_STRIP = NO;
				DEBUG_INFORMATION_FORMAT = dwarf;
				ENABLE_STRICT_OBJC_MSGSEND = YES;
				ENABLE_TESTABILITY = YES;
				GCC_C_LANGUAGE_STANDARD = gnu11;
				GCC_DYNAMIC_NO_PIC = NO;
				GCC_NO_COMMON_BLOCKS = YES;
				GCC_OPTIMIZATION_LEVEL = 0;
				GCC_PREPROCESSOR_DEFINITIONS = (
					"DEBUG=1",
					"$(inherited)",
				);
				GCC_WARN_64_TO_32_BIT_CONVERSION = YES;
				GCC_WARN_ABOUT_RETURN_TYPE = YES_ERROR;
				GCC_WARN_UNDECLARED_SELECTOR = YES;
				GCC_WARN_UNINITIALIZED_AUTOS = YES_AGGRESSIVE;
				GCC_WARN_UNUSED_FUNCTION = YES;
				GCC_WARN_UNUSED_VARIABLE = YES;
				IPHONEOS_DEPLOYMENT_TARGET = 14.5;
				MTL_ENABLE_DEBUG_INFO = INCLUDE_SOURCE;
				MTL_FAST_MATH = YES;
				ONLY_ACTIVE_ARCH = YES;
				SDKROOT = iphoneos;
				SWIFT_ACTIVE_COMPILATION_CONDITIONS = DEBUG;
				SWIFT_OPTIMIZATION_LEVEL = "-Onone";
			};
			name = Debug;
		};
		21AD2A0926EA3FA20024235D /* Release */ = {
			isa = XCBuildConfiguration;
			buildSettings = {
				ALWAYS_SEARCH_USER_PATHS = NO;
				CLANG_ANALYZER_NONNULL = YES;
				CLANG_ANALYZER_NUMBER_OBJECT_CONVERSION = YES_AGGRESSIVE;
				CLANG_CXX_LANGUAGE_STANDARD = "gnu++14";
				CLANG_CXX_LIBRARY = "libc++";
				CLANG_ENABLE_MODULES = YES;
				CLANG_ENABLE_OBJC_ARC = YES;
				CLANG_ENABLE_OBJC_WEAK = YES;
				CLANG_WARN_BLOCK_CAPTURE_AUTORELEASING = YES;
				CLANG_WARN_BOOL_CONVERSION = YES;
				CLANG_WARN_COMMA = YES;
				CLANG_WARN_CONSTANT_CONVERSION = YES;
				CLANG_WARN_DEPRECATED_OBJC_IMPLEMENTATIONS = YES;
				CLANG_WARN_DIRECT_OBJC_ISA_USAGE = YES_ERROR;
				CLANG_WARN_DOCUMENTATION_COMMENTS = YES;
				CLANG_WARN_EMPTY_BODY = YES;
				CLANG_WARN_ENUM_CONVERSION = YES;
				CLANG_WARN_INFINITE_RECURSION = YES;
				CLANG_WARN_INT_CONVERSION = YES;
				CLANG_WARN_NON_LITERAL_NULL_CONVERSION = YES;
				CLANG_WARN_OBJC_IMPLICIT_RETAIN_SELF = YES;
				CLANG_WARN_OBJC_LITERAL_CONVERSION = YES;
				CLANG_WARN_OBJC_ROOT_CLASS = YES_ERROR;
				CLANG_WARN_QUOTED_INCLUDE_IN_FRAMEWORK_HEADER = YES;
				CLANG_WARN_RANGE_LOOP_ANALYSIS = YES;
				CLANG_WARN_STRICT_PROTOTYPES = YES;
				CLANG_WARN_SUSPICIOUS_MOVE = YES;
				CLANG_WARN_UNGUARDED_AVAILABILITY = YES_AGGRESSIVE;
				CLANG_WARN_UNREACHABLE_CODE = YES;
				CLANG_WARN__DUPLICATE_METHOD_MATCH = YES;
				COPY_PHASE_STRIP = NO;
				DEBUG_INFORMATION_FORMAT = "dwarf-with-dsym";
				ENABLE_NS_ASSERTIONS = NO;
				ENABLE_STRICT_OBJC_MSGSEND = YES;
				GCC_C_LANGUAGE_STANDARD = gnu11;
				GCC_NO_COMMON_BLOCKS = YES;
				GCC_WARN_64_TO_32_BIT_CONVERSION = YES;
				GCC_WARN_ABOUT_RETURN_TYPE = YES_ERROR;
				GCC_WARN_UNDECLARED_SELECTOR = YES;
				GCC_WARN_UNINITIALIZED_AUTOS = YES_AGGRESSIVE;
				GCC_WARN_UNUSED_FUNCTION = YES;
				GCC_WARN_UNUSED_VARIABLE = YES;
				IPHONEOS_DEPLOYMENT_TARGET = 14.5;
				MTL_ENABLE_DEBUG_INFO = NO;
				MTL_FAST_MATH = YES;
				SDKROOT = iphoneos;
				SWIFT_COMPILATION_MODE = wholemodule;
				SWIFT_OPTIMIZATION_LEVEL = "-O";
				VALIDATE_PRODUCT = YES;
			};
			name = Release;
		};
		21AD2A0B26EA3FA20024235D /* Debug */ = {
			isa = XCBuildConfiguration;
			baseConfigurationReference = B578C76265AC4005D498C431 /* Pods-Chat.debug.xcconfig */;
			buildSettings = {
				ASSETCATALOG_COMPILER_APPICON_NAME = AppIcon;
				ASSETCATALOG_COMPILER_GLOBAL_ACCENT_COLOR_NAME = AccentColor;
				CODE_SIGN_STYLE = Automatic;
				DEVELOPMENT_TEAM = XX7E3Y5HUH;
				INFOPLIST_FILE = Chat/Info.plist;
				LD_RUNPATH_SEARCH_PATHS = (
					"$(inherited)",
					"@executable_path/Frameworks",
				);
				PRODUCT_BUNDLE_IDENTIFIER = jp.co.yiming.chat.Chat;
				PRODUCT_NAME = "$(TARGET_NAME)";
				SWIFT_VERSION = 5.0;
				TARGETED_DEVICE_FAMILY = "1,2";
			};
			name = Debug;
		};
		21AD2A0C26EA3FA20024235D /* Release */ = {
			isa = XCBuildConfiguration;
			baseConfigurationReference = AD89C6AE52ADE788AA713309 /* Pods-Chat.release.xcconfig */;
			buildSettings = {
				ASSETCATALOG_COMPILER_APPICON_NAME = AppIcon;
				ASSETCATALOG_COMPILER_GLOBAL_ACCENT_COLOR_NAME = AccentColor;
				CODE_SIGN_STYLE = Automatic;
				DEVELOPMENT_TEAM = XX7E3Y5HUH;
				INFOPLIST_FILE = Chat/Info.plist;
				LD_RUNPATH_SEARCH_PATHS = (
					"$(inherited)",
					"@executable_path/Frameworks",
				);
				PRODUCT_BUNDLE_IDENTIFIER = jp.co.yiming.chat.Chat;
				PRODUCT_NAME = "$(TARGET_NAME)";
				SWIFT_VERSION = 5.0;
				TARGETED_DEVICE_FAMILY = "1,2";
			};
			name = Release;
		};
		21AD2A0E26EA3FA20024235D /* Debug */ = {
			isa = XCBuildConfiguration;
			buildSettings = {
				ALWAYS_EMBED_SWIFT_STANDARD_LIBRARIES = YES;
				BUNDLE_LOADER = "$(TEST_HOST)";
				CODE_SIGN_STYLE = Automatic;
				DEVELOPMENT_TEAM = XX7E3Y5HUH;
				INFOPLIST_FILE = ChatTests/Info.plist;
				IPHONEOS_DEPLOYMENT_TARGET = 14.5;
				LD_RUNPATH_SEARCH_PATHS = (
					"$(inherited)",
					"@executable_path/Frameworks",
					"@loader_path/Frameworks",
				);
				PRODUCT_BUNDLE_IDENTIFIER = jp.co.yiming.chat.ChatTests;
				PRODUCT_NAME = "$(TARGET_NAME)";
				SWIFT_VERSION = 5.0;
				TARGETED_DEVICE_FAMILY = "1,2";
				TEST_HOST = "$(BUILT_PRODUCTS_DIR)/Chat.app/Chat";
			};
			name = Debug;
		};
		21AD2A0F26EA3FA20024235D /* Release */ = {
			isa = XCBuildConfiguration;
			buildSettings = {
				ALWAYS_EMBED_SWIFT_STANDARD_LIBRARIES = YES;
				BUNDLE_LOADER = "$(TEST_HOST)";
				CODE_SIGN_STYLE = Automatic;
				DEVELOPMENT_TEAM = XX7E3Y5HUH;
				INFOPLIST_FILE = ChatTests/Info.plist;
				IPHONEOS_DEPLOYMENT_TARGET = 14.5;
				LD_RUNPATH_SEARCH_PATHS = (
					"$(inherited)",
					"@executable_path/Frameworks",
					"@loader_path/Frameworks",
				);
				PRODUCT_BUNDLE_IDENTIFIER = jp.co.yiming.chat.ChatTests;
				PRODUCT_NAME = "$(TARGET_NAME)";
				SWIFT_VERSION = 5.0;
				TARGETED_DEVICE_FAMILY = "1,2";
				TEST_HOST = "$(BUILT_PRODUCTS_DIR)/Chat.app/Chat";
			};
			name = Release;
		};
		21AD2A1126EA3FA20024235D /* Debug */ = {
			isa = XCBuildConfiguration;
			buildSettings = {
				ALWAYS_EMBED_SWIFT_STANDARD_LIBRARIES = YES;
				CODE_SIGN_STYLE = Automatic;
				DEVELOPMENT_TEAM = XX7E3Y5HUH;
				INFOPLIST_FILE = ChatUITests/Info.plist;
				LD_RUNPATH_SEARCH_PATHS = (
					"$(inherited)",
					"@executable_path/Frameworks",
					"@loader_path/Frameworks",
				);
				PRODUCT_BUNDLE_IDENTIFIER = jp.co.yiming.chat.ChatUITests;
				PRODUCT_NAME = "$(TARGET_NAME)";
				SWIFT_VERSION = 5.0;
				TARGETED_DEVICE_FAMILY = "1,2";
				TEST_TARGET_NAME = Chat;
			};
			name = Debug;
		};
		21AD2A1226EA3FA20024235D /* Release */ = {
			isa = XCBuildConfiguration;
			buildSettings = {
				ALWAYS_EMBED_SWIFT_STANDARD_LIBRARIES = YES;
				CODE_SIGN_STYLE = Automatic;
				DEVELOPMENT_TEAM = XX7E3Y5HUH;
				INFOPLIST_FILE = ChatUITests/Info.plist;
				LD_RUNPATH_SEARCH_PATHS = (
					"$(inherited)",
					"@executable_path/Frameworks",
					"@loader_path/Frameworks",
				);
				PRODUCT_BUNDLE_IDENTIFIER = jp.co.yiming.chat.ChatUITests;
				PRODUCT_NAME = "$(TARGET_NAME)";
				SWIFT_VERSION = 5.0;
				TARGETED_DEVICE_FAMILY = "1,2";
				TEST_TARGET_NAME = Chat;
			};
			name = Release;
		};
/* End XCBuildConfiguration section */

/* Begin XCConfigurationList section */
		21AD29DB26EA3F9E0024235D /* Build configuration list for PBXProject "Chat" */ = {
			isa = XCConfigurationList;
			buildConfigurations = (
				21AD2A0826EA3FA20024235D /* Debug */,
				21AD2A0926EA3FA20024235D /* Release */,
			);
			defaultConfigurationIsVisible = 0;
			defaultConfigurationName = Release;
		};
		21AD2A0A26EA3FA20024235D /* Build configuration list for PBXNativeTarget "Chat" */ = {
			isa = XCConfigurationList;
			buildConfigurations = (
				21AD2A0B26EA3FA20024235D /* Debug */,
				21AD2A0C26EA3FA20024235D /* Release */,
			);
			defaultConfigurationIsVisible = 0;
			defaultConfigurationName = Release;
		};
		21AD2A0D26EA3FA20024235D /* Build configuration list for PBXNativeTarget "ChatTests" */ = {
			isa = XCConfigurationList;
			buildConfigurations = (
				21AD2A0E26EA3FA20024235D /* Debug */,
				21AD2A0F26EA3FA20024235D /* Release */,
			);
			defaultConfigurationIsVisible = 0;
			defaultConfigurationName = Release;
		};
		21AD2A1026EA3FA20024235D /* Build configuration list for PBXNativeTarget "ChatUITests" */ = {
			isa = XCConfigurationList;
			buildConfigurations = (
				21AD2A1126EA3FA20024235D /* Debug */,
				21AD2A1226EA3FA20024235D /* Release */,
			);
			defaultConfigurationIsVisible = 0;
			defaultConfigurationName = Release;
		};
/* End XCConfigurationList section */
	};
	rootObject = 21AD29D826EA3F9E0024235D /* Project object */;
}
